
Microsoft Visual Studio Solution File, Format Version 12.00
# Visual Studio 14
VisualStudioVersion = 14.0.25420.1
MinimumVisualStudioVersion = 10.0.40219.1
Project("{FAE04EC0-301F-11D3-BF4B-00C04F79EFBC}") = "Vahicles", "Vahicles\Vahicles.csproj", "{05BC9248-5252-4A67-909F-2B367C7E3443}"
EndProject
Project("{FAE04EC0-301F-11D3-BF4B-00C04F79EFBC}") = "WildFarm", "WildFarm\WildFarm.csproj", "{9C0E4DF4-B698-4978-B4EA-5B9991A9B4A5}"
EndProject
Global
	GlobalSection(SolutionConfigurationPlatforms) = preSolution
		Debug|Any CPU = Debug|Any CPU
		Release|Any CPU = Release|Any CPU
	EndGlobalSection
	GlobalSection(ProjectConfigurationPlatforms) = postSolution
		{05BC9248-5252-4A67-909F-2B367C7E3443}.Debug|Any CPU.ActiveCfg = Debug|Any CPU
		{05BC9248-5252-4A67-909F-2B367C7E3443}.Debug|Any CPU.Build.0 = Debug|Any CPU
		{05BC9248-5252-4A67-909F-2B367C7E3443}.Release|Any CPU.ActiveCfg = Release|Any CPU
		{05BC9248-5252-4A67-909F-2B367C7E3443}.Release|Any CPU.Build.0 = Release|Any CPU
		{9C0E4DF4-B698-4978-B4EA-5B9991A9B4A5}.Debug|Any CPU.ActiveCfg = Debug|Any CPU
		{9C0E4DF4-B698-4978-B4EA-5B9991A9B4A5}.Debug|Any CPU.Build.0 = Debug|Any CPU
		{9C0E4DF4-B698-4978-B4EA-5B9991A9B4A5}.Release|Any CPU.ActiveCfg = Release|Any CPU
		{9C0E4DF4-B698-4978-B4EA-5B9991A9B4A5}.Release|Any CPU.Build.0 = Release|Any CPU
	EndGlobalSection
	GlobalSection(SolutionProperties) = preSolution
		HideSolutionNode = FALSE
	EndGlobalSection
EndGlobal
